
Microsoft Visual Studio Solution File, Format Version 12.00
# Visual Studio Version 16
VisualStudioVersion = 16.0.30611.23
MinimumVisualStudioVersion = 10.0.40219.1
Project("{FAE04EC0-301F-11D3-BF4B-00C04F79EFBC}") = "01 - Party Planner", "01 - Party Planner\01 - Party Planner.csproj", "{FE7E740F-8A94-4147-B82E-7217A5A46CF2}"
EndProject
Project("{FAE04EC0-301F-11D3-BF4B-00C04F79EFBC}") = "02 - Cow Calculator", "02 - Cow Calculator\02 - Cow Calculator.csproj", "{56CD7248-C078-410F-902F-8FDFA210B8BF}"
EndProject
Project("{FAE04EC0-301F-11D3-BF4B-00C04F79EFBC}") = "03 - Party Planner Incapsulated", "03 - Party Planner Incapsulated\03 - Party Planner Incapsulated.csproj", "{A93DCD18-F67D-4683-A29C-62EB743989BF}"
EndProject
Global
	GlobalSection(SolutionConfigurationPlatforms) = preSolution
		Debug|Any CPU = Debug|Any CPU
		Release|Any CPU = Release|Any CPU
	EndGlobalSection
	GlobalSection(ProjectConfigurationPlatforms) = postSolution
		{FE7E740F-8A94-4147-B82E-7217A5A46CF2}.Debug|Any CPU.ActiveCfg = Debug|Any CPU
		{FE7E740F-8A94-4147-B82E-7217A5A46CF2}.Debug|Any CPU.Build.0 = Debug|Any CPU
		{FE7E740F-8A94-4147-B82E-7217A5A46CF2}.Release|Any CPU.ActiveCfg = Release|Any CPU
		{FE7E740F-8A94-4147-B82E-7217A5A46CF2}.Release|Any CPU.Build.0 = Release|Any CPU
		{56CD7248-C078-410F-902F-8FDFA210B8BF}.Debug|Any CPU.ActiveCfg = Debug|Any CPU
		{56CD7248-C078-410F-902F-8FDFA210B8BF}.Debug|Any CPU.Build.0 = Debug|Any CPU
		{56CD7248-C078-410F-902F-8FDFA210B8BF}.Release|Any CPU.ActiveCfg = Release|Any CPU
		{56CD7248-C078-410F-902F-8FDFA210B8BF}.Release|Any CPU.Build.0 = Release|Any CPU
		{A93DCD18-F67D-4683-A29C-62EB743989BF}.Debug|Any CPU.ActiveCfg = Debug|Any CPU
		{A93DCD18-F67D-4683-A29C-62EB743989BF}.Debug|Any CPU.Build.0 = Debug|Any CPU
		{A93DCD18-F67D-4683-A29C-62EB743989BF}.Release|Any CPU.ActiveCfg = Release|Any CPU
		{A93DCD18-F67D-4683-A29C-62EB743989BF}.Release|Any CPU.Build.0 = Release|Any CPU
	EndGlobalSection
	GlobalSection(SolutionProperties) = preSolution
		HideSolutionNode = FALSE
	EndGlobalSection
	GlobalSection(ExtensibilityGlobals) = postSolution
		SolutionGuid = {0925123B-D7FC-4A34-A731-8688D18D2851}
	EndGlobalSection
EndGlobal
