
Microsoft Visual Studio Solution File, Format Version 12.00
# Visual Studio Version 16
VisualStudioVersion = 16.0.30611.23
MinimumVisualStudioVersion = 10.0.40219.1
Project("{FAE04EC0-301F-11D3-BF4B-00C04F79EFBC}") = "01 - Classes", "01 - Classes\01 - Classes.csproj", "{D730AF8B-4E71-4E4C-B3ED-C8B70538B4FB}"
EndProject
Project("{FAE04EC0-301F-11D3-BF4B-00C04F79EFBC}") = "02 - Guys", "02 - Guys\02 - Guys.csproj", "{B179044B-BA07-4983-8273-05CC875E30EE}"
EndProject
Global
	GlobalSection(SolutionConfigurationPlatforms) = preSolution
		Debug|Any CPU = Debug|Any CPU
		Release|Any CPU = Release|Any CPU
	EndGlobalSection
	GlobalSection(ProjectConfigurationPlatforms) = postSolution
		{D730AF8B-4E71-4E4C-B3ED-C8B70538B4FB}.Debug|Any CPU.ActiveCfg = Debug|Any CPU
		{D730AF8B-4E71-4E4C-B3ED-C8B70538B4FB}.Debug|Any CPU.Build.0 = Debug|Any CPU
		{D730AF8B-4E71-4E4C-B3ED-C8B70538B4FB}.Release|Any CPU.ActiveCfg = Release|Any CPU
		{D730AF8B-4E71-4E4C-B3ED-C8B70538B4FB}.Release|Any CPU.Build.0 = Release|Any CPU
		{B179044B-BA07-4983-8273-05CC875E30EE}.Debug|Any CPU.ActiveCfg = Debug|Any CPU
		{B179044B-BA07-4983-8273-05CC875E30EE}.Debug|Any CPU.Build.0 = Debug|Any CPU
		{B179044B-BA07-4983-8273-05CC875E30EE}.Release|Any CPU.ActiveCfg = Release|Any CPU
		{B179044B-BA07-4983-8273-05CC875E30EE}.Release|Any CPU.Build.0 = Release|Any CPU
	EndGlobalSection
	GlobalSection(SolutionProperties) = preSolution
		HideSolutionNode = FALSE
	EndGlobalSection
	GlobalSection(ExtensibilityGlobals) = postSolution
		SolutionGuid = {D1B71F82-3E2C-41B1-A7D3-92F76A5A6AF3}
	EndGlobalSection
EndGlobal
